
Microsoft Visual Studio Solution File, Format Version 12.00
# Visual Studio Version 17
VisualStudioVersion = 17.7.34221.43
MinimumVisualStudioVersion = 10.0.40219.1
Project("{2150E333-8FDC-42A3-9474-1A3956D46DE8}") = "Services", "Services", "{D3F0D292-135B-4611-BBC7-7F465912BF65}"
EndProject
Project("{2150E333-8FDC-42A3-9474-1A3956D46DE8}") = "Catalog", "Catalog", "{C4D51738-9F1A-4B9E-B646-3F8F2887EA45}"
EndProject
Project("{9A19103F-16F7-4668-BE54-9A1E7A4F7556}") = "Catalog.API", "Services\Catalog\Catalog.API\Catalog.API.csproj", "{CB0377B2-9928-4E0D-9CEC-D54456C1229E}"
EndProject
Project("{E53339B2-1760-4266-BCC7-CA923CBCF16C}") = "docker-compose", "docker-compose.dcproj", "{6E884560-4E47-4A54-90E4-285F7B89ED19}"
EndProject
Project("{2150E333-8FDC-42A3-9474-1A3956D46DE8}") = "Basket", "Basket", "{498D12A7-B8F0-43A7-8C12-B44A9F4E68E7}"
EndProject
Project("{9A19103F-16F7-4668-BE54-9A1E7A4F7556}") = "Basket.API", "Services\Basket\Basket.API\Basket.API.csproj", "{3995B56E-E2D5-4809-8531-E575E4A26769}"
EndProject
Project("{2150E333-8FDC-42A3-9474-1A3956D46DE8}") = "Discount", "Discount", "{18B1DA4C-8FA3-460A-AB87-AB2EB2E604BC}"
EndProject
Project("{9A19103F-16F7-4668-BE54-9A1E7A4F7556}") = "Discount.API", "Services\Discount\Discount.API\Discount.API.csproj", "{315C87CA-495E-40C5-9CC1-049D9D5B66D9}"
EndProject
Project("{9A19103F-16F7-4668-BE54-9A1E7A4F7556}") = "Discount.Grpc", "Services\Discount\Discount.Grpc\Discount.Grpc.csproj", "{5BC35627-1BD4-4F13-AA6F-1855FEA755B5}"
EndProject
Project("{2150E333-8FDC-42A3-9474-1A3956D46DE8}") = "Ordering", "Ordering", "{5A159A27-5B36-43F7-B36D-BA189ECFC282}"
EndProject
Project("{9A19103F-16F7-4668-BE54-9A1E7A4F7556}") = "Ordering.API", "Services\Ordering\Ordering.API\Ordering.API.csproj", "{7787B7D0-AAFC-48F4-8FCD-F2D092CEDA2D}"
EndProject
Project("{9A19103F-16F7-4668-BE54-9A1E7A4F7556}") = "Ordering.Domain", "Services\Ordering\Ordering.Domain\Ordering.Domain.csproj", "{8E3B2B8E-9CDF-4DA9-98B4-D0EA50E93AD7}"
EndProject
Project("{9A19103F-16F7-4668-BE54-9A1E7A4F7556}") = "Ordering.Application", "Services\Ordering\Ordering.Application\Ordering.Application.csproj", "{866003B1-60D8-4837-84D6-2523E704B3EF}"
EndProject
Project("{9A19103F-16F7-4668-BE54-9A1E7A4F7556}") = "Ordering.Infrastructure", "Services\Ordering\Ordering.Infrastructure\Ordering.Infrastructure.csproj", "{F6C657E0-E75E-492F-B4E5-57A9F0FF1409}"
EndProject
Project("{2150E333-8FDC-42A3-9474-1A3956D46DE8}") = "BuildingBlocks", "BuildingBlocks", "{398C4C36-CB55-48B6-9034-D05F0A93F14F}"
EndProject
Project("{FAE04EC0-301F-11D3-BF4B-00C04F79EFBC}") = "EventBus.Messages", "BuildingBlocks\EventBus.Messages\EventBus.Messages.csproj", "{56CA584D-2DFB-451F-BD71-7061AAEB39D7}"
EndProject
Global
	GlobalSection(SolutionConfigurationPlatforms) = preSolution
		Debug|Any CPU = Debug|Any CPU
		Release|Any CPU = Release|Any CPU
	EndGlobalSection
	GlobalSection(ProjectConfigurationPlatforms) = postSolution
		{CB0377B2-9928-4E0D-9CEC-D54456C1229E}.Debug|Any CPU.ActiveCfg = Debug|Any CPU
		{CB0377B2-9928-4E0D-9CEC-D54456C1229E}.Debug|Any CPU.Build.0 = Debug|Any CPU
		{CB0377B2-9928-4E0D-9CEC-D54456C1229E}.Release|Any CPU.ActiveCfg = Release|Any CPU
		{CB0377B2-9928-4E0D-9CEC-D54456C1229E}.Release|Any CPU.Build.0 = Release|Any CPU
		{6E884560-4E47-4A54-90E4-285F7B89ED19}.Debug|Any CPU.ActiveCfg = Debug|Any CPU
		{6E884560-4E47-4A54-90E4-285F7B89ED19}.Debug|Any CPU.Build.0 = Debug|Any CPU
		{6E884560-4E47-4A54-90E4-285F7B89ED19}.Release|Any CPU.ActiveCfg = Release|Any CPU
		{6E884560-4E47-4A54-90E4-285F7B89ED19}.Release|Any CPU.Build.0 = Release|Any CPU
		{3995B56E-E2D5-4809-8531-E575E4A26769}.Debug|Any CPU.ActiveCfg = Debug|Any CPU
		{3995B56E-E2D5-4809-8531-E575E4A26769}.Debug|Any CPU.Build.0 = Debug|Any CPU
		{3995B56E-E2D5-4809-8531-E575E4A26769}.Release|Any CPU.ActiveCfg = Release|Any CPU
		{3995B56E-E2D5-4809-8531-E575E4A26769}.Release|Any CPU.Build.0 = Release|Any CPU
		{315C87CA-495E-40C5-9CC1-049D9D5B66D9}.Debug|Any CPU.ActiveCfg = Debug|Any CPU
		{315C87CA-495E-40C5-9CC1-049D9D5B66D9}.Debug|Any CPU.Build.0 = Debug|Any CPU
		{315C87CA-495E-40C5-9CC1-049D9D5B66D9}.Release|Any CPU.ActiveCfg = Release|Any CPU
		{315C87CA-495E-40C5-9CC1-049D9D5B66D9}.Release|Any CPU.Build.0 = Release|Any CPU
		{5BC35627-1BD4-4F13-AA6F-1855FEA755B5}.Debug|Any CPU.ActiveCfg = Debug|Any CPU
		{5BC35627-1BD4-4F13-AA6F-1855FEA755B5}.Debug|Any CPU.Build.0 = Debug|Any CPU
		{5BC35627-1BD4-4F13-AA6F-1855FEA755B5}.Release|Any CPU.ActiveCfg = Release|Any CPU
		{5BC35627-1BD4-4F13-AA6F-1855FEA755B5}.Release|Any CPU.Build.0 = Release|Any CPU
		{7787B7D0-AAFC-48F4-8FCD-F2D092CEDA2D}.Debug|Any CPU.ActiveCfg = Debug|Any CPU
		{7787B7D0-AAFC-48F4-8FCD-F2D092CEDA2D}.Debug|Any CPU.Build.0 = Debug|Any CPU
		{7787B7D0-AAFC-48F4-8FCD-F2D092CEDA2D}.Release|Any CPU.ActiveCfg = Release|Any CPU
		{7787B7D0-AAFC-48F4-8FCD-F2D092CEDA2D}.Release|Any CPU.Build.0 = Release|Any CPU
		{8E3B2B8E-9CDF-4DA9-98B4-D0EA50E93AD7}.Debug|Any CPU.ActiveCfg = Debug|Any CPU
		{8E3B2B8E-9CDF-4DA9-98B4-D0EA50E93AD7}.Debug|Any CPU.Build.0 = Debug|Any CPU
		{8E3B2B8E-9CDF-4DA9-98B4-D0EA50E93AD7}.Release|Any CPU.ActiveCfg = Release|Any CPU
		{8E3B2B8E-9CDF-4DA9-98B4-D0EA50E93AD7}.Release|Any CPU.Build.0 = Release|Any CPU
		{866003B1-60D8-4837-84D6-2523E704B3EF}.Debug|Any CPU.ActiveCfg = Debug|Any CPU
		{866003B1-60D8-4837-84D6-2523E704B3EF}.Debug|Any CPU.Build.0 = Debug|Any CPU
		{866003B1-60D8-4837-84D6-2523E704B3EF}.Release|Any CPU.ActiveCfg = Release|Any CPU
		{866003B1-60D8-4837-84D6-2523E704B3EF}.Release|Any CPU.Build.0 = Release|Any CPU
		{F6C657E0-E75E-492F-B4E5-57A9F0FF1409}.Debug|Any CPU.ActiveCfg = Debug|Any CPU
		{F6C657E0-E75E-492F-B4E5-57A9F0FF1409}.Debug|Any CPU.Build.0 = Debug|Any CPU
		{F6C657E0-E75E-492F-B4E5-57A9F0FF1409}.Release|Any CPU.ActiveCfg = Release|Any CPU
		{F6C657E0-E75E-492F-B4E5-57A9F0FF1409}.Release|Any CPU.Build.0 = Release|Any CPU
		{56CA584D-2DFB-451F-BD71-7061AAEB39D7}.Debug|Any CPU.ActiveCfg = Debug|Any CPU
		{56CA584D-2DFB-451F-BD71-7061AAEB39D7}.Debug|Any CPU.Build.0 = Debug|Any CPU
		{56CA584D-2DFB-451F-BD71-7061AAEB39D7}.Release|Any CPU.ActiveCfg = Release|Any CPU
		{56CA584D-2DFB-451F-BD71-7061AAEB39D7}.Release|Any CPU.Build.0 = Release|Any CPU
	EndGlobalSection
	GlobalSection(SolutionProperties) = preSolution
		HideSolutionNode = FALSE
	EndGlobalSection
	GlobalSection(NestedProjects) = preSolution
		{C4D51738-9F1A-4B9E-B646-3F8F2887EA45} = {D3F0D292-135B-4611-BBC7-7F465912BF65}
		{CB0377B2-9928-4E0D-9CEC-D54456C1229E} = {C4D51738-9F1A-4B9E-B646-3F8F2887EA45}
		{498D12A7-B8F0-43A7-8C12-B44A9F4E68E7} = {D3F0D292-135B-4611-BBC7-7F465912BF65}
		{3995B56E-E2D5-4809-8531-E575E4A26769} = {498D12A7-B8F0-43A7-8C12-B44A9F4E68E7}
		{18B1DA4C-8FA3-460A-AB87-AB2EB2E604BC} = {D3F0D292-135B-4611-BBC7-7F465912BF65}
		{315C87CA-495E-40C5-9CC1-049D9D5B66D9} = {18B1DA4C-8FA3-460A-AB87-AB2EB2E604BC}
		{5BC35627-1BD4-4F13-AA6F-1855FEA755B5} = {18B1DA4C-8FA3-460A-AB87-AB2EB2E604BC}
		{5A159A27-5B36-43F7-B36D-BA189ECFC282} = {D3F0D292-135B-4611-BBC7-7F465912BF65}
		{7787B7D0-AAFC-48F4-8FCD-F2D092CEDA2D} = {5A159A27-5B36-43F7-B36D-BA189ECFC282}
		{8E3B2B8E-9CDF-4DA9-98B4-D0EA50E93AD7} = {5A159A27-5B36-43F7-B36D-BA189ECFC282}
		{866003B1-60D8-4837-84D6-2523E704B3EF} = {5A159A27-5B36-43F7-B36D-BA189ECFC282}
		{F6C657E0-E75E-492F-B4E5-57A9F0FF1409} = {5A159A27-5B36-43F7-B36D-BA189ECFC282}
		{56CA584D-2DFB-451F-BD71-7061AAEB39D7} = {398C4C36-CB55-48B6-9034-D05F0A93F14F}
	EndGlobalSection
	GlobalSection(ExtensibilityGlobals) = postSolution
		SolutionGuid = {463E7F83-9915-40EC-A6A4-C496D25030CA}
	EndGlobalSection
EndGlobal
