
Microsoft Visual Studio Solution File, Format Version 12.00
# Visual Studio Version 17
VisualStudioVersion = 17.7.34221.43
MinimumVisualStudioVersion = 10.0.40219.1
Project("{2150E333-8FDC-42A3-9474-1A3956D46DE8}") = "Services", "Services", "{D3F0D292-135B-4611-BBC7-7F465912BF65}"
EndProject
Project("{2150E333-8FDC-42A3-9474-1A3956D46DE8}") = "Catalog", "Catalog", "{C4D51738-9F1A-4B9E-B646-3F8F2887EA45}"
EndProject
Project("{9A19103F-16F7-4668-BE54-9A1E7A4F7556}") = "Catalog.API", "Services\Catalog\Catalog.API\Catalog.API.csproj", "{CB0377B2-9928-4E0D-9CEC-D54456C1229E}"
EndProject
Project("{E53339B2-1760-4266-BCC7-CA923CBCF16C}") = "docker-compose", "docker-compose.dcproj", "{6E884560-4E47-4A54-90E4-285F7B89ED19}"
EndProject
Project("{2150E333-8FDC-42A3-9474-1A3956D46DE8}") = "Basket", "Basket", "{498D12A7-B8F0-43A7-8C12-B44A9F4E68E7}"
EndProject
Project("{FAE04EC0-301F-11D3-BF4B-00C04F79EFBC}") = "Basket.API", "Services\Basket\Basket.API\Basket.API.csproj", "{3995B56E-E2D5-4809-8531-E575E4A26769}"
EndProject
Global
	GlobalSection(SolutionConfigurationPlatforms) = preSolution
		Debug|Any CPU = Debug|Any CPU
		Release|Any CPU = Release|Any CPU
	EndGlobalSection
	GlobalSection(ProjectConfigurationPlatforms) = postSolution
		{CB0377B2-9928-4E0D-9CEC-D54456C1229E}.Debug|Any CPU.ActiveCfg = Debug|Any CPU
		{CB0377B2-9928-4E0D-9CEC-D54456C1229E}.Debug|Any CPU.Build.0 = Debug|Any CPU
		{CB0377B2-9928-4E0D-9CEC-D54456C1229E}.Release|Any CPU.ActiveCfg = Release|Any CPU
		{CB0377B2-9928-4E0D-9CEC-D54456C1229E}.Release|Any CPU.Build.0 = Release|Any CPU
		{6E884560-4E47-4A54-90E4-285F7B89ED19}.Debug|Any CPU.ActiveCfg = Debug|Any CPU
		{6E884560-4E47-4A54-90E4-285F7B89ED19}.Debug|Any CPU.Build.0 = Debug|Any CPU
		{6E884560-4E47-4A54-90E4-285F7B89ED19}.Release|Any CPU.ActiveCfg = Release|Any CPU
		{6E884560-4E47-4A54-90E4-285F7B89ED19}.Release|Any CPU.Build.0 = Release|Any CPU
		{3995B56E-E2D5-4809-8531-E575E4A26769}.Debug|Any CPU.ActiveCfg = Debug|Any CPU
		{3995B56E-E2D5-4809-8531-E575E4A26769}.Debug|Any CPU.Build.0 = Debug|Any CPU
		{3995B56E-E2D5-4809-8531-E575E4A26769}.Release|Any CPU.ActiveCfg = Release|Any CPU
		{3995B56E-E2D5-4809-8531-E575E4A26769}.Release|Any CPU.Build.0 = Release|Any CPU
	EndGlobalSection
	GlobalSection(SolutionProperties) = preSolution
		HideSolutionNode = FALSE
	EndGlobalSection
	GlobalSection(NestedProjects) = preSolution
		{C4D51738-9F1A-4B9E-B646-3F8F2887EA45} = {D3F0D292-135B-4611-BBC7-7F465912BF65}
		{CB0377B2-9928-4E0D-9CEC-D54456C1229E} = {C4D51738-9F1A-4B9E-B646-3F8F2887EA45}
		{498D12A7-B8F0-43A7-8C12-B44A9F4E68E7} = {D3F0D292-135B-4611-BBC7-7F465912BF65}
		{3995B56E-E2D5-4809-8531-E575E4A26769} = {498D12A7-B8F0-43A7-8C12-B44A9F4E68E7}
	EndGlobalSection
	GlobalSection(ExtensibilityGlobals) = postSolution
		SolutionGuid = {463E7F83-9915-40EC-A6A4-C496D25030CA}
	EndGlobalSection
EndGlobal
